
Microsoft Visual Studio Solution File, Format Version 12.00
# Visual Studio Version 17
VisualStudioVersion = 17.12.35527.113 d17.12
MinimumVisualStudioVersion = 10.0.40219.1
Project("{2150E333-8FDC-42A3-9474-1A3956D46DE8}") = "Services", "Services", "{73C34CB1-A7DB-4783-83BC-08BF0E831137}"
EndProject
Project("{2150E333-8FDC-42A3-9474-1A3956D46DE8}") = "Catalog", "Catalog", "{A0CCA80A-64B1-427B-B102-3970892AE4FD}"
EndProject
Project("{FAE04EC0-301F-11D3-BF4B-00C04F79EFBC}") = "Catalog.API", "..\src\Services\Catalog\Catalog.API\Catalog.API.csproj", "{EFA9ACFF-5CFC-4248-A22B-17C4C5520006}"
EndProject
Project("{2150E333-8FDC-42A3-9474-1A3956D46DE8}") = "BuildingBlocks", "BuildingBlocks", "{F0D4CB39-5654-4F5A-AC52-8DB8A561C408}"
EndProject
Project("{FAE04EC0-301F-11D3-BF4B-00C04F79EFBC}") = "BuildingBlocks", "..\src\BuildingBlocks\BuildingBlocks\BuildingBlocks.csproj", "{9E8C5067-192F-4779-98D0-7EBA937D6B28}"
EndProject
Global
	GlobalSection(SolutionConfigurationPlatforms) = preSolution
		Debug|Any CPU = Debug|Any CPU
		Release|Any CPU = Release|Any CPU
	EndGlobalSection
	GlobalSection(ProjectConfigurationPlatforms) = postSolution
		{EFA9ACFF-5CFC-4248-A22B-17C4C5520006}.Debug|Any CPU.ActiveCfg = Debug|Any CPU
		{EFA9ACFF-5CFC-4248-A22B-17C4C5520006}.Debug|Any CPU.Build.0 = Debug|Any CPU
		{EFA9ACFF-5CFC-4248-A22B-17C4C5520006}.Release|Any CPU.ActiveCfg = Release|Any CPU
		{EFA9ACFF-5CFC-4248-A22B-17C4C5520006}.Release|Any CPU.Build.0 = Release|Any CPU
		{9E8C5067-192F-4779-98D0-7EBA937D6B28}.Debug|Any CPU.ActiveCfg = Debug|Any CPU
		{9E8C5067-192F-4779-98D0-7EBA937D6B28}.Debug|Any CPU.Build.0 = Debug|Any CPU
		{9E8C5067-192F-4779-98D0-7EBA937D6B28}.Release|Any CPU.ActiveCfg = Release|Any CPU
		{9E8C5067-192F-4779-98D0-7EBA937D6B28}.Release|Any CPU.Build.0 = Release|Any CPU
	EndGlobalSection
	GlobalSection(SolutionProperties) = preSolution
		HideSolutionNode = FALSE
	EndGlobalSection
	GlobalSection(NestedProjects) = preSolution
		{A0CCA80A-64B1-427B-B102-3970892AE4FD} = {73C34CB1-A7DB-4783-83BC-08BF0E831137}
		{EFA9ACFF-5CFC-4248-A22B-17C4C5520006} = {A0CCA80A-64B1-427B-B102-3970892AE4FD}
		{9E8C5067-192F-4779-98D0-7EBA937D6B28} = {F0D4CB39-5654-4F5A-AC52-8DB8A561C408}
	EndGlobalSection
EndGlobal
